
Microsoft Visual Studio Solution File, Format Version 12.00
# Visual Studio Version 17
VisualStudioVersion = 17.0.31912.275
MinimumVisualStudioVersion = 10.0.40219.1
Project("{FAE04EC0-301F-11D3-BF4B-00C04F79EFBC}") = "Profumeria.Core", "Profumeria.Core\Profumeria.Core.csproj", "{91E2E65C-F843-4392-82AF-64DF5D579DE5}"
EndProject
Project("{FAE04EC0-301F-11D3-BF4B-00C04F79EFBC}") = "Profumeria.Core.Mock", "Profumeria.Core.Mock\Profumeria.Core.Mock.csproj", "{032E70EE-03F2-495B-BAA3-5301126FCAB6}"
EndProject
Project("{FAE04EC0-301F-11D3-BF4B-00C04F79EFBC}") = "Profumeria.WPF", "Profumeria.WPF\Profumeria.WPF.csproj", "{64C3D2C1-55EF-46B2-9C45-0B9A0D2126C5}"
EndProject
Project("{FAE04EC0-301F-11D3-BF4B-00C04F79EFBC}") = "Profumeria.Test", "Profumeria.Test\Profumeria.Test.csproj", "{1A61449B-4FEC-4D4D-B5A7-608256C4C735}"
EndProject
Global
	GlobalSection(SolutionConfigurationPlatforms) = preSolution
		Debug|Any CPU = Debug|Any CPU
		Release|Any CPU = Release|Any CPU
	EndGlobalSection
	GlobalSection(ProjectConfigurationPlatforms) = postSolution
		{91E2E65C-F843-4392-82AF-64DF5D579DE5}.Debug|Any CPU.ActiveCfg = Debug|Any CPU
		{91E2E65C-F843-4392-82AF-64DF5D579DE5}.Debug|Any CPU.Build.0 = Debug|Any CPU
		{91E2E65C-F843-4392-82AF-64DF5D579DE5}.Release|Any CPU.ActiveCfg = Release|Any CPU
		{91E2E65C-F843-4392-82AF-64DF5D579DE5}.Release|Any CPU.Build.0 = Release|Any CPU
		{032E70EE-03F2-495B-BAA3-5301126FCAB6}.Debug|Any CPU.ActiveCfg = Debug|Any CPU
		{032E70EE-03F2-495B-BAA3-5301126FCAB6}.Debug|Any CPU.Build.0 = Debug|Any CPU
		{032E70EE-03F2-495B-BAA3-5301126FCAB6}.Release|Any CPU.ActiveCfg = Release|Any CPU
		{032E70EE-03F2-495B-BAA3-5301126FCAB6}.Release|Any CPU.Build.0 = Release|Any CPU
		{64C3D2C1-55EF-46B2-9C45-0B9A0D2126C5}.Debug|Any CPU.ActiveCfg = Debug|Any CPU
		{64C3D2C1-55EF-46B2-9C45-0B9A0D2126C5}.Debug|Any CPU.Build.0 = Debug|Any CPU
		{64C3D2C1-55EF-46B2-9C45-0B9A0D2126C5}.Release|Any CPU.ActiveCfg = Release|Any CPU
		{64C3D2C1-55EF-46B2-9C45-0B9A0D2126C5}.Release|Any CPU.Build.0 = Release|Any CPU
		{1A61449B-4FEC-4D4D-B5A7-608256C4C735}.Debug|Any CPU.ActiveCfg = Debug|Any CPU
		{1A61449B-4FEC-4D4D-B5A7-608256C4C735}.Debug|Any CPU.Build.0 = Debug|Any CPU
		{1A61449B-4FEC-4D4D-B5A7-608256C4C735}.Release|Any CPU.ActiveCfg = Release|Any CPU
		{1A61449B-4FEC-4D4D-B5A7-608256C4C735}.Release|Any CPU.Build.0 = Release|Any CPU
	EndGlobalSection
	GlobalSection(SolutionProperties) = preSolution
		HideSolutionNode = FALSE
	EndGlobalSection
	GlobalSection(ExtensibilityGlobals) = postSolution
		SolutionGuid = {D0796997-1499-4A98-8D39-B401388958F5}
	EndGlobalSection
EndGlobal
